dependencies:
- name: redis
  repository: oci://registry-1.docker.io/bitnamicharts
  version: 18.13.0
- name: elasticsearch
  repository: oci://registry-1.docker.io/bitnamicharts
  version: 19.18.0
digest: sha256:a214d15691d430972405d6fa0a69e36d844ba928feec9aaf271946f22ba2cae4
generated: "2024-02-22T12:35:03.338729592+02:00"
