dependencies:
- name: redis
  repository: oci://registry-1.docker.io/bitnamicharts
  version: 19.1.5
- name: elasticsearch
  repository: oci://registry-1.docker.io/bitnamicharts
  version: 21.0.1
digest: sha256:3f4cf82037ae5fe499566ce8c39bccde7c645c79a5487cfbc946f63a6c3692b7
generated: "2024-05-01T12:14:27.020810654+03:00"
