dependencies:
- name: redis
  repository: oci://registry-1.docker.io/bitnamicharts
  version: 18.13.0
- name: prometheus
  repository: oci://registry-1.docker.io/bitnamicharts
  version: 0.9.2
- name: grafana
  repository: oci://registry-1.docker.io/bitnamicharts
  version: 9.8.3
digest: sha256:9bd609ff7e38744b97176eb00d8787f9e434f900ae7c3be987db1f5d9b1ededa
generated: "2024-02-15T16:31:05.303917483+02:00"
